
Microsoft Visual Studio Solution File, Format Version 12.00
# Visual Studio Version 17
VisualStudioVersion = 17.4.33122.133
MinimumVisualStudioVersion = 10.0.40219.1
Project("{9A19103F-16F7-4668-BE54-9A1E7A4F7556}") = "speed-time", "speed-time\speed-time.csproj", "{117C92B7-64AB-4E2B-8141-7953D3B07BB9}"
EndProject
Global
	GlobalSection(SolutionConfigurationPlatforms) = preSolution
		Debug|Any CPU = Debug|Any CPU
		Release|Any CPU = Release|Any CPU
	EndGlobalSection
	GlobalSection(ProjectConfigurationPlatforms) = postSolution
		{117C92B7-64AB-4E2B-8141-7953D3B07BB9}.Debug|Any CPU.ActiveCfg = Debug|Any CPU
		{117C92B7-64AB-4E2B-8141-7953D3B07BB9}.Debug|Any CPU.Build.0 = Debug|Any CPU
		{117C92B7-64AB-4E2B-8141-7953D3B07BB9}.Release|Any CPU.ActiveCfg = Release|Any CPU
		{117C92B7-64AB-4E2B-8141-7953D3B07BB9}.Release|Any CPU.Build.0 = Release|Any CPU
	EndGlobalSection
	GlobalSection(SolutionProperties) = preSolution
		HideSolutionNode = FALSE
	EndGlobalSection
	GlobalSection(ExtensibilityGlobals) = postSolution
		SolutionGuid = {0450E0A0-650B-4C51-9D8B-6D11E1024F7F}
	EndGlobalSection
EndGlobal
